lockfileVersion: 5.4

specifiers:
  cross-env: ^7.0.3
  rollup: ^2.73.0
  rollup-plugin-commonjs: ^10.1.0
  rollup-plugin-node-resolve: ^5.2.0
  rollup-plugin-terser: ^7.0.2
  rollup-plugin-typescript: ^1.0.1
  tslib: ^2.4.0
  typescript: ^4.6.4

devDependencies:
  cross-env: registry.npmmirror.com/cross-env/7.0.3
  rollup: registry.npmmirror.com/rollup/2.73.0
  rollup-plugin-commonjs: registry.npmmirror.com/rollup-plugin-commonjs/10.1.0_rollup@2.73.0
  rollup-plugin-node-resolve: registry.npmmirror.com/rollup-plugin-node-resolve/5.2.0_rollup@2.73.0
  rollup-plugin-terser: registry.npmmirror.com/rollup-plugin-terser/7.0.2_rollup@2.73.0
  rollup-plugin-typescript: registry.npmmirror.com/rollup-plugin-typescript/1.0.1_rrkaqx5mkvti5nim2xqiu732gu
  tslib: registry.npmmirror.com/tslib/2.4.0
  typescript: registry.npmmirror.com/typescript/4.6.4

packages:

  registry.nlark.com/@types/resolve/0.0.8:
    resolution: {integrity: sha1-8mB00jjgJlnjI84aE9BB7uKA4ZQ=, registry: https://registry.npm.taobao.org/, tarball: https://registry.nlark.com/@types/resolve/download/@types/resolve-0.0.8.tgz}
    name: '@types/resolve'
    version: 0.0.8
    dependencies:
      '@types/node': registry.npmmirror.com/@types/node/17.0.34
    dev: true

  registry.npmmirror.com/@babel/code-frame/7.16.7:
    resolution: {integrity: sha512-iAXqUn8IIeBTNd72xsFlgaXHkMBMt6y4HJp1tIaK465CWLT/fG1aqB7ykr95gHHmlBdGbFeWWfyB4NJJ0nmeIg==, registry: https://registry.npm.taobao.org/, tarball: https://registry.npmmirror.com/@babel/code-frame/-/code-frame-7.16.7.tgz}
    name: '@babel/code-frame'
    version: 7.16.7
    engines: {node: '>=6.9.0'}
    dependencies:
      '@babel/highlight': registry.npmmirror.com/@babel/highlight/7.17.12
    dev: true

  registry.npmmirror.com/@babel/helper-validator-identifier/7.16.7:
    resolution: {integrity: sha512-hsEnFemeiW4D08A5gUAZxLBTXpZ39P+a+DGDsHw1yxqyQ/jzFEnxf5uTEGp+3bzAbNOxU1paTgYS4ECU/IgfDw==, registry: https://registry.npm.taobao.org/, tarball: https://registry.npmmirror.com/@babel/helper-validator-identifier/-/helper-validator-identifier-7.16.7.tgz}
    name: '@babel/helper-validator-identifier'
    version: 7.16.7
    engines: {node: '>=6.9.0'}
    dev: true

  registry.npmmirror.com/@babel/highlight/7.17.12:
    resolution: {integrity: sha512-7yykMVF3hfZY2jsHZEEgLc+3x4o1O+fYyULu11GynEUQNwB6lua+IIQn1FiJxNucd5UlyJryrwsOh8PL9Sn8Qg==, registry: https://registry.npm.taobao.org/, tarball: https://registry.npmmirror.com/@babel/highlight/-/highlight-7.17.12.tgz}
    name: '@babel/highlight'
    version: 7.17.12
    engines: {node: '>=6.9.0'}
    dependencies:
      '@babel/helper-validator-identifier': registry.npmmirror.com/@babel/helper-validator-identifier/7.16.7
      chalk: registry.npmmirror.com/chalk/2.4.2
      js-tokens: registry.npmmirror.com/js-tokens/4.0.0
    dev: true

  registry.npmmirror.com/@types/estree/0.0.51:
    resolution: {integrity: sha512-CuPgU6f3eT/XgKKPqKd/gLZV1Xmvf1a2R5POBOGQa6uv82xpls89HU5zKeVoyR8XzHd1RGNOlQlvUe3CFkjWNQ==, registry: https://registry.npm.taobao.org/, tarball: https://registry.npmmirror.com/@types/estree/-/estree-0.0.51.tgz}
    name: '@types/estree'
    version: 0.0.51
    dev: true

  registry.npmmirror.com/@types/node/17.0.34:
    resolution: {integrity: sha512-XImEz7XwTvDBtzlTnm8YvMqGW/ErMWBsKZ+hMTvnDIjGCKxwK5Xpc+c/oQjOauwq8M4OS11hEkpjX8rrI/eEgA==, registry: https://registry.npm.taobao.org/, tarball: https://registry.npmmirror.com/@types/node/-/node-17.0.34.tgz}
    name: '@types/node'
    version: 17.0.34
    dev: true

  registry.npmmirror.com/acorn/8.7.1:
    resolution: {integrity: sha512-Xx54uLJQZ19lKygFXOWsscKUbsBZW0CPykPhVQdhIeIwrbPmJzqeASDInc8nKBnp/JT6igTs82qPXz069H8I/A==, registry: https://registry.npm.taobao.org/, tarball: https://registry.npmmirror.com/acorn/-/acorn-8.7.1.tgz}
    name: acorn
    version: 8.7.1
    engines: {node: '>=0.4.0'}
    hasBin: true
    dev: true

  registry.npmmirror.com/ansi-styles/3.2.1:
    resolution: {integrity: sha512-VT0ZI6kZRdTh8YyJw3SMbYm/u+NqfsAxEpWO0Pf9sq8/e94WxxOpPKx9FR1FlyCtOVDNOQ+8ntlqFxiRc+r5qA==, registry: https://registry.npm.taobao.org/, tarball: https://registry.npmmirror.com/ansi-styles/-/ansi-styles-3.2.1.tgz}
    name: ansi-styles
    version: 3.2.1
    engines: {node: '>=4'}
    dependencies:
      color-convert: registry.npmmirror.com/color-convert/1.9.3
    dev: true

  registry.npmmirror.com/buffer-from/1.1.2:
    resolution: {integrity: sha512-E+XQCRwSbaaiChtv6k6Dwgc+bx+Bs6vuKJHHl5kox/BaKbhiXzqQOwK4cO22yElGp2OCmjwVhT3HmxgyPGnJfQ==, registry: https://registry.npm.taobao.org/, tarball: https://registry.npmmirror.com/buffer-from/-/buffer-from-1.1.2.tgz}
    name: buffer-from
    version: 1.1.2
    dev: true

  registry.npmmirror.com/builtin-modules/3.3.0:
    resolution: {integrity: sha512-zhaCDicdLuWN5UbN5IMnFqNMhNfo919sH85y2/ea+5Yg9TsTkeZxpL+JLbp6cgYFS4sRLp3YV4S6yDuqVWHYOw==, registry: https://registry.npm.taobao.org/, tarball: https://registry.npmmirror.com/builtin-modules/-/builtin-modules-3.3.0.tgz}
    name: builtin-modules
    version: 3.3.0
    engines: {node: '>=6'}
    dev: true

  registry.npmmirror.com/chalk/2.4.2:
    resolution: {integrity: sha512-Mti+f9lpJNcwF4tWV8/OrTTtF1gZi+f8FqlyAdouralcFWFQWF2+NgCHShjkCb+IFBLq9buZwE1xckQU4peSuQ==, registry: https://registry.npm.taobao.org/, tarball: https://registry.npmmirror.com/chalk/-/chalk-2.4.2.tgz}
    name: chalk
    version: 2.4.2
    engines: {node: '>=4'}
    dependencies:
      ansi-styles: registry.npmmirror.com/ansi-styles/3.2.1
      escape-string-regexp: registry.npmmirror.com/escape-string-regexp/1.0.5
      supports-color: registry.npmmirror.com/supports-color/5.5.0
    dev: true

  registry.npmmirror.com/color-convert/1.9.3:
    resolution: {integrity: sha512-QfAUtd+vFdAtFQcC8CCyYt1fYWxSqAiK2cSD6zDB8N3cpsEBAvRxp9zOGg6G/SHHJYAT88/az/IuDGALsNVbGg==, registry: https://registry.npm.taobao.org/, tarball: https://registry.npmmirror.com/color-convert/-/color-convert-1.9.3.tgz}
    name: color-convert
    version: 1.9.3
    dependencies:
      color-name: registry.npmmirror.com/color-name/1.1.3
    dev: true

  registry.npmmirror.com/color-name/1.1.3:
    resolution: {integrity: sha512-72fSenhMw2HZMTVHeCA9KCmpEIbzWiQsjN+BHcBbS9vr1mtt+vJjPdksIBNUmKAW8TFUDPJK5SUU3QhE9NEXDw==, registry: https://registry.npm.taobao.org/, tarball: https://registry.npmmirror.com/color-name/-/color-name-1.1.3.tgz}
    name: color-name
    version: 1.1.3
    dev: true

  registry.npmmirror.com/commander/2.20.3:
    resolution: {integrity: sha512-GpVkmM8vF2vQUkj2LvZmD35JxeJOLCwJ9cUkugyk2nuhbv3+mJvpLYYt+0+USMxE+oj+ey/lJEnhZw75x/OMcQ==, registry: https://registry.npm.taobao.org/, tarball: https://registry.npmmirror.com/commander/-/commander-2.20.3.tgz}
    name: commander
    version: 2.20.3
    dev: true

  registry.npmmirror.com/cross-env/7.0.3:
    resolution: {integrity: sha512-+/HKd6EgcQCJGh2PSjZuUitQBQynKor4wrFbRg4DtAgS1aWO+gU52xpH7M9ScGgXSYmAVS9bIJ8EzuaGw0oNAw==, registry: https://registry.npm.taobao.org/, tarball: https://registry.npmmirror.com/cross-env/-/cross-env-7.0.3.tgz}
    name: cross-env
    version: 7.0.3
    engines: {node: '>=10.14', npm: '>=6', yarn: '>=1'}
    hasBin: true
    dependencies:
      cross-spawn: registry.npmmirror.com/cross-spawn/7.0.3
    dev: true

  registry.npmmirror.com/cross-spawn/7.0.3:
    resolution: {integrity: sha512-iRDPJKUPVEND7dHPO8rkbOnPpyDygcDFtWjpeWNCgy8WP2rXcxXL8TskReQl6OrB2G7+UJrags1q15Fudc7G6w==, registry: https://registry.npm.taobao.org/, tarball: https://registry.npmmirror.com/cross-spawn/-/cross-spawn-7.0.3.tgz}
    name: cross-spawn
    version: 7.0.3
    engines: {node: '>= 8'}
    dependencies:
      path-key: registry.npmmirror.com/path-key/3.1.1
      shebang-command: registry.npmmirror.com/shebang-command/2.0.0
      which: registry.npmmirror.com/which/2.0.2
    dev: true

  registry.npmmirror.com/escape-string-regexp/1.0.5:
    resolution: {integrity: sha512-vbRorB5FUQWvla16U8R/qgaFIya2qGzwDrNmCZuYKrbdSUMG6I1ZCGQRefkRVhuOkIGVne7BQ35DSfo1qvJqFg==, registry: https://registry.npm.taobao.org/, tarball: https://registry.npmmirror.com/escape-string-regexp/-/escape-string-regexp-1.0.5.tgz}
    name: escape-string-regexp
    version: 1.0.5
    engines: {node: '>=0.8.0'}
    dev: true

  registry.npmmirror.com/estree-walker/0.6.1:
    resolution: {integrity: sha512-SqmZANLWS0mnatqbSfRP5g8OXZC12Fgg1IwNtLsyHDzJizORW4khDfjPqJZsemPWBB2uqykUah5YpQ6epsqC/w==, registry: https://registry.npm.taobao.org/, tarball: https://registry.npmmirror.com/estree-walker/-/estree-walker-0.6.1.tgz}
    name: estree-walker
    version: 0.6.1
    dev: true

  registry.npmmirror.com/fsevents/2.3.2:
    resolution: {integrity: sha512-xiqMQR4xAeHTuB9uWm+fFRcIOgKBMiOBP+eXiyT7jsgVCq1bkVygt00oASowB7EdtpOHaaPgKt812P9ab+DDKA==, registry: https://registry.npm.taobao.org/, tarball: https://registry.npmmirror.com/fsevents/-/fsevents-2.3.2.tgz}
    name: fsevents
    version: 2.3.2
    engines: {node: ^8.16.0 || ^10.6.0 || >=11.0.0}
    os: [darwin]
    requiresBuild: true
    dev: true
    optional: true

  registry.npmmirror.com/function-bind/1.1.1:
    resolution: {integrity: sha512-yIovAzMX49sF8Yl58fSCWJ5svSLuaibPxXQJFLmBObTuCr0Mf1KiPopGM9NiFjiYBCbfaa2Fh6breQ6ANVTI0A==, registry: https://registry.npm.taobao.org/, tarball: https://registry.npmmirror.com/function-bind/-/function-bind-1.1.1.tgz}
    name: function-bind
    version: 1.1.1
    dev: true

  registry.npmmirror.com/has-flag/3.0.0:
    resolution: {integrity: sha512-sKJf1+ceQBr4SMkvQnBDNDtf4TXpVhVGateu0t918bl30FnbE2m4vNLX+VWe/dpjlb+HugGYzW7uQXH98HPEYw==, registry: https://registry.npm.taobao.org/, tarball: https://registry.npmmirror.com/has-flag/-/has-flag-3.0.0.tgz}
    name: has-flag
    version: 3.0.0
    engines: {node: '>=4'}
    dev: true

  registry.npmmirror.com/has-flag/4.0.0:
    resolution: {integrity: sha512-EykJT/Q1KjTWctppgIAgfSO0tKVuZUjhgMr17kqTumMl6Afv3EISleU7qZUzoXDFTAHTDC4NOoG/ZxU3EvlMPQ==, registry: https://registry.npm.taobao.org/, tarball: https://registry.npmmirror.com/has-flag/-/has-flag-4.0.0.tgz}
    name: has-flag
    version: 4.0.0
    engines: {node: '>=8'}
    dev: true

  registry.npmmirror.com/has/1.0.3:
    resolution: {integrity: sha512-f2dvO0VU6Oej7RkWJGrehjbzMAjFp5/VKPp5tTpWIV4JHHZK1/BxbFRtf/siA2SWTe09caDmVtYYzWEIbBS4zw==, registry: https://registry.npm.taobao.org/, tarball: https://registry.npmmirror.com/has/-/has-1.0.3.tgz}
    name: has
    version: 1.0.3
    engines: {node: '>= 0.4.0'}
    dependencies:
      function-bind: registry.npmmirror.com/function-bind/1.1.1
    dev: true

  registry.npmmirror.com/is-core-module/2.9.0:
    resolution: {integrity: sha512-+5FPy5PnwmO3lvfMb0AsoPaBG+5KHUI0wYFXOtYPnVVVspTFUuMZNfNaNVRt3FZadstu2c8x23vykRW/NBoU6A==, registry: https://registry.npm.taobao.org/, tarball: https://registry.npmmirror.com/is-core-module/-/is-core-module-2.9.0.tgz}
    name: is-core-module
    version: 2.9.0
    dependencies:
      has: registry.npmmirror.com/has/1.0.3
    dev: true

  registry.npmmirror.com/is-module/1.0.0:
    resolution: {integrity: sha512-51ypPSPCoTEIN9dy5Oy+h4pShgJmPCygKfyRCISBI+JoWT/2oJvK8QPxmwv7b/p239jXrm9M1mlQbyKJ5A152g==, registry: https://registry.npm.taobao.org/, tarball: https://registry.npmmirror.com/is-module/-/is-module-1.0.0.tgz}
    name: is-module
    version: 1.0.0
    dev: true

  registry.npmmirror.com/is-reference/1.2.1:
    resolution: {integrity: sha512-U82MsXXiFIrjCK4otLT+o2NA2Cd2g5MLoOVXUZjIOhLurrRxpEXzI8O0KZHr3IjLvlAH1kTPYSuqer5T9ZVBKQ==, registry: https://registry.npm.taobao.org/, tarball: https://registry.npmmirror.com/is-reference/-/is-reference-1.2.1.tgz}
    name: is-reference
    version: 1.2.1
    dependencies:
      '@types/estree': registry.npmmirror.com/@types/estree/0.0.51
    dev: true

  registry.npmmirror.com/isexe/2.0.0:
    resolution: {integrity: sha512-RHxMLp9lnKHGHRng9QFhRCMbYAcVpn69smSGcq3f36xjgVVWThj4qqLbTLlq7Ssj8B+fIQ1EuCEGI2lKsyQeIw==, registry: https://registry.npm.taobao.org/, tarball: https://registry.npmmirror.com/isexe/-/isexe-2.0.0.tgz}
    name: isexe
    version: 2.0.0
    dev: true

  registry.npmmirror.com/jest-worker/26.6.2:
    resolution: {integrity: sha512-KWYVV1c4i+jbMpaBC+U++4Va0cp8OisU185o73T1vo99hqi7w8tSJfUXYswwqqrjzwxa6KpRK54WhPvwf5w6PQ==, registry: https://registry.npm.taobao.org/, tarball: https://registry.npmmirror.com/jest-worker/-/jest-worker-26.6.2.tgz}
    name: jest-worker
    version: 26.6.2
    engines: {node: '>= 10.13.0'}
    dependencies:
      '@types/node': registry.npmmirror.com/@types/node/17.0.34
      merge-stream: registry.npmmirror.com/merge-stream/2.0.0
      supports-color: registry.npmmirror.com/supports-color/7.2.0
    dev: true

  registry.npmmirror.com/js-tokens/4.0.0:
    resolution: {integrity: sha512-RdJUflcE3cUzKiMqQgsCu06FPu9UdIJO0beYbPhHN4k6apgJtifcoCtT9bcxOpYBtpD2kCM6Sbzg4CausW/PKQ==, registry: https://registry.npm.taobao.org/, tarball: https://registry.npmmirror.com/js-tokens/-/js-tokens-4.0.0.tgz}
    name: js-tokens
    version: 4.0.0
    dev: true

  registry.npmmirror.com/lodash.sortby/4.7.0:
    resolution: {integrity: sha512-HDWXG8isMntAyRF5vZ7xKuEvOhT4AhlRt/3czTSjvGUxjYCBVRQY48ViDHyfYz9VIoBkW4TMGQNapx+l3RUwdA==, registry: https://registry.npm.taobao.org/, tarball: https://registry.npmmirror.com/lodash.sortby/-/lodash.sortby-4.7.0.tgz}
    name: lodash.sortby
    version: 4.7.0
    dev: true

  registry.npmmirror.com/magic-string/0.25.9:
    resolution: {integrity: sha512-RmF0AsMzgt25qzqqLc1+MbHmhdx0ojF2Fvs4XnOqz2ZOBXzzkEwc/dJQZCYHAn7v1jbVOjAZfK8msRn4BxO4VQ==, registry: https://registry.npm.taobao.org/, tarball: https://registry.npmmirror.com/magic-string/-/magic-string-0.25.9.tgz}
    name: magic-string
    version: 0.25.9
    dependencies:
      sourcemap-codec: registry.npmmirror.com/sourcemap-codec/1.4.8
    dev: true

  registry.npmmirror.com/merge-stream/2.0.0:
    resolution: {integrity: sha512-abv/qOcuPfk3URPfDzmZU1LKmuw8kT+0nIHvKrKgFrwifol/doWcdA4ZqsWQ8ENrFKkd67Mfpo/LovbIUsbt3w==, registry: https://registry.npm.taobao.org/, tarball: https://registry.npmmirror.com/merge-stream/-/merge-stream-2.0.0.tgz}
    name: merge-stream
    version: 2.0.0
    dev: true

  registry.npmmirror.com/path-key/3.1.1:
    resolution: {integrity: sha512-ojmeN0qd+y0jszEtoY48r0Peq5dwMEkIlCOu6Q5f41lfkswXuKtYrhgoTpLnyIcHm24Uhqx+5Tqm2InSwLhE6Q==, registry: https://registry.npm.taobao.org/, tarball: https://registry.npmmirror.com/path-key/-/path-key-3.1.1.tgz}
    name: path-key
    version: 3.1.1
    engines: {node: '>=8'}
    dev: true

  registry.npmmirror.com/path-parse/1.0.7:
    resolution: {integrity: sha512-LDJzPVEEEPR+y48z93A0Ed0yXb8pAByGWo/k5YYdYgpY2/2EsOsksJrq7lOHxryrVOn1ejG6oAp8ahvOIQD8sw==, registry: https://registry.npm.taobao.org/, tarball: https://registry.npmmirror.com/path-parse/-/path-parse-1.0.7.tgz}
    name: path-parse
    version: 1.0.7
    dev: true

  registry.npmmirror.com/punycode/2.1.1:
    resolution: {integrity: sha512-XRsRjdf+j5ml+y/6GKHPZbrF/8p2Yga0JPtdqTIY2Xe5ohJPD9saDJJLPvp9+NSBprVvevdXZybnj2cv8OEd0A==, registry: https://registry.npm.taobao.org/, tarball: https://registry.npmmirror.com/punycode/-/punycode-2.1.1.tgz}
    name: punycode
    version: 2.1.1
    engines: {node: '>=6'}
    dev: true

  registry.npmmirror.com/randombytes/2.1.0:
    resolution: {integrity: sha512-vYl3iOX+4CKUWuxGi9Ukhie6fsqXqS9FE2Zaic4tNFD2N2QQaXOMFbuKK4QmDHC0JO6B1Zp41J0LpT0oR68amQ==, registry: https://registry.npm.taobao.org/, tarball: https://registry.npmmirror.com/randombytes/-/randombytes-2.1.0.tgz}
    name: randombytes
    version: 2.1.0
    dependencies:
      safe-buffer: registry.npmmirror.com/safe-buffer/5.2.1
    dev: true

  registry.npmmirror.com/resolve/1.22.0:
    resolution: {integrity: sha512-Hhtrw0nLeSrFQ7phPp4OOcVjLPIeMnRlr5mcnVuMe7M/7eBn98A3hmFRLoFo3DLZkivSYwhRUJTyPyWAk56WLw==, registry: https://registry.npm.taobao.org/, tarball: https://registry.npmmirror.com/resolve/-/resolve-1.22.0.tgz}
    name: resolve
    version: 1.22.0
    hasBin: true
    dependencies:
      is-core-module: registry.npmmirror.com/is-core-module/2.9.0
      path-parse: registry.npmmirror.com/path-parse/1.0.7
      supports-preserve-symlinks-flag: registry.npmmirror.com/supports-preserve-symlinks-flag/1.0.0
    dev: true

  registry.npmmirror.com/rollup-plugin-commonjs/10.1.0_rollup@2.73.0:
    resolution: {integrity: sha512-jlXbjZSQg8EIeAAvepNwhJj++qJWNJw1Cl0YnOqKtP5Djx+fFGkp3WRh+W0ASCaFG5w1jhmzDxgu3SJuVxPF4Q==, registry: https://registry.npm.taobao.org/, tarball: https://registry.npmmirror.com/rollup-plugin-commonjs/-/rollup-plugin-commonjs-10.1.0.tgz}
    id: registry.npmmirror.com/rollup-plugin-commonjs/10.1.0
    name: rollup-plugin-commonjs
    version: 10.1.0
    deprecated: This package has been deprecated and is no longer maintained. Please use @rollup/plugin-commonjs.
    peerDependencies:
      rollup: '>=1.12.0'
    dependencies:
      estree-walker: registry.npmmirror.com/estree-walker/0.6.1
      is-reference: registry.npmmirror.com/is-reference/1.2.1
      magic-string: registry.npmmirror.com/magic-string/0.25.9
      resolve: registry.npmmirror.com/resolve/1.22.0
      rollup: registry.npmmirror.com/rollup/2.73.0
      rollup-pluginutils: registry.npmmirror.com/rollup-pluginutils/2.8.2
    dev: true

  registry.npmmirror.com/rollup-plugin-node-resolve/5.2.0_rollup@2.73.0:
    resolution: {integrity: sha512-jUlyaDXts7TW2CqQ4GaO5VJ4PwwaV8VUGA7+km3n6k6xtOEacf61u0VXwN80phY/evMcaS+9eIeJ9MOyDxt5Zw==, registry: https://registry.npm.taobao.org/, tarball: https://registry.npmmirror.com/rollup-plugin-node-resolve/-/rollup-plugin-node-resolve-5.2.0.tgz}
    id: registry.npmmirror.com/rollup-plugin-node-resolve/5.2.0
    name: rollup-plugin-node-resolve
    version: 5.2.0
    deprecated: This package has been deprecated and is no longer maintained. Please use @rollup/plugin-node-resolve.
    peerDependencies:
      rollup: '>=1.11.0'
    dependencies:
      '@types/resolve': registry.nlark.com/@types/resolve/0.0.8
      builtin-modules: registry.npmmirror.com/builtin-modules/3.3.0
      is-module: registry.npmmirror.com/is-module/1.0.0
      resolve: registry.npmmirror.com/resolve/1.22.0
      rollup: registry.npmmirror.com/rollup/2.73.0
      rollup-pluginutils: registry.npmmirror.com/rollup-pluginutils/2.8.2
    dev: true

  registry.npmmirror.com/rollup-plugin-terser/7.0.2_rollup@2.73.0:
    resolution: {integrity: sha512-w3iIaU4OxcF52UUXiZNsNeuXIMDvFrr+ZXK6bFZ0Q60qyVfq4uLptoS4bbq3paG3x216eQllFZX7zt6TIImguQ==, registry: https://registry.npm.taobao.org/, tarball: https://registry.npmmirror.com/rollup-plugin-terser/-/rollup-plugin-terser-7.0.2.tgz}
    id: registry.npmmirror.com/rollup-plugin-terser/7.0.2
    name: rollup-plugin-terser
    version: 7.0.2
    peerDependencies:
      rollup: ^2.0.0
    dependencies:
      '@babel/code-frame': registry.npmmirror.com/@babel/code-frame/7.16.7
      jest-worker: registry.npmmirror.com/jest-worker/26.6.2
      rollup: registry.npmmirror.com/rollup/2.73.0
      serialize-javascript: registry.npmmirror.com/serialize-javascript/4.0.0
      terser: registry.npmmirror.com/terser/5.13.1
    dev: true

  registry.npmmirror.com/rollup-plugin-typescript/1.0.1_rrkaqx5mkvti5nim2xqiu732gu:
    resolution: {integrity: sha512-rwJDNn9jv/NsKZuyBb/h0jsclP4CJ58qbvZt2Q9zDIGILF2LtdtvCqMOL+Gq9IVq5MTrTlHZNrn8h7VjQgd8tw==, registry: https://registry.npm.taobao.org/, tarball: https://registry.npmmirror.com/rollup-plugin-typescript/-/rollup-plugin-typescript-1.0.1.tgz}
    id: registry.npmmirror.com/rollup-plugin-typescript/1.0.1
    name: rollup-plugin-typescript
    version: 1.0.1
    deprecated: This package has been deprecated and is no longer maintained. Please use @rollup/plugin-typescript.
    peerDependencies:
      tslib: '*'
      typescript: '>=2.1.0'
    dependencies:
      resolve: registry.npmmirror.com/resolve/1.22.0
      rollup-pluginutils: registry.npmmirror.com/rollup-pluginutils/2.8.2
      tslib: registry.npmmirror.com/tslib/2.4.0
      typescript: registry.npmmirror.com/typescript/4.6.4
    dev: true

  registry.npmmirror.com/rollup-pluginutils/2.8.2:
    resolution: {integrity: sha512-EEp9NhnUkwY8aif6bxgovPHMoMoNr2FulJziTndpt5H9RdwC47GSGuII9XxpSdzVGM0GWrNPHV6ie1LTNJPaLQ==, registry: https://registry.npm.taobao.org/, tarball: https://registry.npmmirror.com/rollup-pluginutils/-/rollup-pluginutils-2.8.2.tgz}
    name: rollup-pluginutils
    version: 2.8.2
    dependencies:
      estree-walker: registry.npmmirror.com/estree-walker/0.6.1
    dev: true

  registry.npmmirror.com/rollup/2.73.0:
    resolution: {integrity: sha512-h/UngC3S4Zt28mB3g0+2YCMegT5yoftnQplwzPqGZcKvlld5e+kT/QRmJiL+qxGyZKOYpgirWGdLyEO1b0dpLQ==, registry: https://registry.npm.taobao.org/, tarball: https://registry.npmmirror.com/rollup/-/rollup-2.73.0.tgz}
    name: rollup
    version: 2.73.0
    engines: {node: '>=10.0.0'}
    hasBin: true
    optionalDependencies:
      fsevents: registry.npmmirror.com/fsevents/2.3.2
    dev: true

  registry.npmmirror.com/safe-buffer/5.2.1:
    resolution: {integrity: sha512-rp3So07KcdmmKbGvgaNxQSJr7bGVSVk5S9Eq1F+ppbRo70+YeaDxkw5Dd8NPN+GD6bjnYm2VuPuCXmpuYvmCXQ==, registry: https://registry.npm.taobao.org/, tarball: https://registry.npmmirror.com/safe-buffer/-/safe-buffer-5.2.1.tgz}
    name: safe-buffer
    version: 5.2.1
    dev: true

  registry.npmmirror.com/serialize-javascript/4.0.0:
    resolution: {integrity: sha512-GaNA54380uFefWghODBWEGisLZFj00nS5ACs6yHa9nLqlLpVLO8ChDGeKRjZnV4Nh4n0Qi7nhYZD/9fCPzEqkw==, registry: https://registry.npm.taobao.org/, tarball: https://registry.npmmirror.com/serialize-javascript/-/serialize-javascript-4.0.0.tgz}
    name: serialize-javascript
    version: 4.0.0
    dependencies:
      randombytes: registry.npmmirror.com/randombytes/2.1.0
    dev: true

  registry.npmmirror.com/shebang-command/2.0.0:
    resolution: {integrity: sha512-kHxr2zZpYtdmrN1qDjrrX/Z1rR1kG8Dx+gkpK1G4eXmvXswmcE1hTWBWYUzlraYw1/yZp6YuDY77YtvbN0dmDA==, registry: https://registry.npm.taobao.org/, tarball: https://registry.npmmirror.com/shebang-command/-/shebang-command-2.0.0.tgz}
    name: shebang-command
    version: 2.0.0
    engines: {node: '>=8'}
    dependencies:
      shebang-regex: registry.npmmirror.com/shebang-regex/3.0.0
    dev: true

  registry.npmmirror.com/shebang-regex/3.0.0:
    resolution: {integrity: sha512-7++dFhtcx3353uBaq8DDR4NuxBetBzC7ZQOhmTQInHEd6bSrXdiEyzCvG07Z44UYdLShWUyXt5M/yhz8ekcb1A==, registry: https://registry.npm.taobao.org/, tarball: https://registry.npmmirror.com/shebang-regex/-/shebang-regex-3.0.0.tgz}
    name: shebang-regex
    version: 3.0.0
    engines: {node: '>=8'}
    dev: true

  registry.npmmirror.com/source-map-support/0.5.21:
    resolution: {integrity: sha512-uBHU3L3czsIyYXKX88fdrGovxdSCoTGDRZ6SYXtSRxLZUzHg5P/66Ht6uoUlHu9EZod+inXhKo3qQgwXUT/y1w==, registry: https://registry.npm.taobao.org/, tarball: https://registry.npmmirror.com/source-map-support/-/source-map-support-0.5.21.tgz}
    name: source-map-support
    version: 0.5.21
    dependencies:
      buffer-from: registry.npmmirror.com/buffer-from/1.1.2
      source-map: registry.npmmirror.com/source-map/0.6.1
    dev: true

  registry.npmmirror.com/source-map/0.6.1:
    resolution: {integrity: sha512-UjgapumWlbMhkBgzT7Ykc5YXUT46F0iKu8SGXq0bcwP5dz/h0Plj6enJqjz1Zbq2l5WaqYnrVbwWOWMyF3F47g==, registry: https://registry.npm.taobao.org/, tarball: https://registry.npmmirror.com/source-map/-/source-map-0.6.1.tgz}
    name: source-map
    version: 0.6.1
    engines: {node: '>=0.10.0'}
    dev: true

  registry.npmmirror.com/source-map/0.8.0-beta.0:
    resolution: {integrity: sha512-2ymg6oRBpebeZi9UUNsgQ89bhx01TcTkmNTGnNO88imTmbSgy4nfujrgVEFKWpMTEGA11EDkTt7mqObTPdigIA==, registry: https://registry.npm.taobao.org/, tarball: https://registry.npmmirror.com/source-map/-/source-map-0.8.0-beta.0.tgz}
    name: source-map
    version: 0.8.0-beta.0
    engines: {node: '>= 8'}
    dependencies:
      whatwg-url: registry.npmmirror.com/whatwg-url/7.1.0
    dev: true

  registry.npmmirror.com/sourcemap-codec/1.4.8:
    resolution: {integrity: sha512-9NykojV5Uih4lgo5So5dtw+f0JgJX30KCNI8gwhz2J9A15wD0Ml6tjHKwf6fTSa6fAdVBdZeNOs9eJ71qCk8vA==, registry: https://registry.npm.taobao.org/, tarball: https://registry.npmmirror.com/sourcemap-codec/-/sourcemap-codec-1.4.8.tgz}
    name: sourcemap-codec
    version: 1.4.8
    dev: true

  registry.npmmirror.com/supports-color/5.5.0:
    resolution: {integrity: sha512-QjVjwdXIt408MIiAqCX4oUKsgU2EqAGzs2Ppkm4aQYbjm+ZEWEcW4SfFNTr4uMNZma0ey4f5lgLrkB0aX0QMow==, registry: https://registry.npm.taobao.org/, tarball: https://registry.npmmirror.com/supports-color/-/supports-color-5.5.0.tgz}
    name: supports-color
    version: 5.5.0
    engines: {node: '>=4'}
    dependencies:
      has-flag: registry.npmmirror.com/has-flag/3.0.0
    dev: true

  registry.npmmirror.com/supports-color/7.2.0:
    resolution: {integrity: sha512-qpCAvRl9stuOHveKsn7HncJRvv501qIacKzQlO/+Lwxc9+0q2wLyv4Dfvt80/DPn2pqOBsJdDiogXGR9+OvwRw==, registry: https://registry.npm.taobao.org/, tarball: https://registry.npmmirror.com/supports-color/-/supports-color-7.2.0.tgz}
    name: supports-color
    version: 7.2.0
    engines: {node: '>=8'}
    dependencies:
      has-flag: registry.npmmirror.com/has-flag/4.0.0
    dev: true

  registry.npmmirror.com/supports-preserve-symlinks-flag/1.0.0:
    resolution: {integrity: sha512-ot0WnXS9fgdkgIcePe6RHNk1WA8+muPa6cSjeR3V8K27q9BB1rTE3R1p7Hv0z1ZyAc8s6Vvv8DIyWf681MAt0w==, registry: https://registry.npm.taobao.org/, tarball: https://registry.npmmirror.com/supports-preserve-symlinks-flag/-/supports-preserve-symlinks-flag-1.0.0.tgz}
    name: supports-preserve-symlinks-flag
    version: 1.0.0
    engines: {node: '>= 0.4'}
    dev: true

  registry.npmmirror.com/terser/5.13.1:
    resolution: {integrity: sha512-hn4WKOfwnwbYfe48NgrQjqNOH9jzLqRcIfbYytOXCOv46LBfWr9bDS17MQqOi+BWGD0sJK3Sj5NC/gJjiojaoA==, registry: https://registry.npm.taobao.org/, tarball: https://registry.npmmirror.com/terser/-/terser-5.13.1.tgz}
    name: terser
    version: 5.13.1
    engines: {node: '>=10'}
    hasBin: true
    dependencies:
      acorn: registry.npmmirror.com/acorn/8.7.1
      commander: registry.npmmirror.com/commander/2.20.3
      source-map: registry.npmmirror.com/source-map/0.8.0-beta.0
      source-map-support: registry.npmmirror.com/source-map-support/0.5.21
    dev: true

  registry.npmmirror.com/tr46/1.0.1:
    resolution: {integrity: sha512-dTpowEjclQ7Kgx5SdBkqRzVhERQXov8/l9Ft9dVM9fmg0W0KQSVaXX9T4i6twCPNtYiZM53lpSSUAwJbFPOHxA==, registry: https://registry.npm.taobao.org/, tarball: https://registry.npmmirror.com/tr46/-/tr46-1.0.1.tgz}
    name: tr46
    version: 1.0.1
    dependencies:
      punycode: registry.npmmirror.com/punycode/2.1.1
    dev: true

  registry.npmmirror.com/tslib/2.4.0:
    resolution: {integrity: sha512-d6xOpEDfsi2CZVlPQzGeux8XMwLT9hssAsaPYExaQMuYskwb+x1x7J371tWlbBdWHroy99KnVB6qIkUbs5X3UQ==, registry: https://registry.npm.taobao.org/, tarball: https://registry.npmmirror.com/tslib/-/tslib-2.4.0.tgz}
    name: tslib
    version: 2.4.0
    dev: true

  registry.npmmirror.com/typescript/4.6.4:
    resolution: {integrity: sha512-9ia/jWHIEbo49HfjrLGfKbZSuWo9iTMwXO+Ca3pRsSpbsMbc7/IU8NKdCZVRRBafVPGnoJeFL76ZOAA84I9fEg==, registry: https://registry.npm.taobao.org/, tarball: https://registry.npmmirror.com/typescript/-/typescript-4.6.4.tgz}
    name: typescript
    version: 4.6.4
    engines: {node: '>=4.2.0'}
    hasBin: true
    dev: true

  registry.npmmirror.com/webidl-conversions/4.0.2:
    resolution: {integrity: sha512-YQ+BmxuTgd6UXZW3+ICGfyqRyHXVlD5GtQr5+qjiNW7bF0cqrzX500HVXPBOvgXb5YnzDd+h0zqyv61KUD7+Sg==, registry: https://registry.npm.taobao.org/, tarball: https://registry.npmmirror.com/webidl-conversions/-/webidl-conversions-4.0.2.tgz}
    name: webidl-conversions
    version: 4.0.2
    dev: true

  registry.npmmirror.com/whatwg-url/7.1.0:
    resolution: {integrity: sha512-WUu7Rg1DroM7oQvGWfOiAK21n74Gg+T4elXEQYkOhtyLeWiJFoOGLXPKI/9gzIie9CtwVLm8wtw6YJdKyxSjeg==, registry: https://registry.npm.taobao.org/, tarball: https://registry.npmmirror.com/whatwg-url/-/whatwg-url-7.1.0.tgz}
    name: whatwg-url
    version: 7.1.0
    dependencies:
      lodash.sortby: registry.npmmirror.com/lodash.sortby/4.7.0
      tr46: registry.npmmirror.com/tr46/1.0.1
      webidl-conversions: registry.npmmirror.com/webidl-conversions/4.0.2
    dev: true

  registry.npmmirror.com/which/2.0.2:
    resolution: {integrity: sha512-BLI3Tl1TW3Pvl70l3yq3Y64i+awpwXqsGBYWkkqMtnbXgrMD+yj7rhW0kuEDxzJaYXGjEW5ogapKNMEKNMjibA==, registry: https://registry.npm.taobao.org/, tarball: https://registry.npmmirror.com/which/-/which-2.0.2.tgz}
    name: which
    version: 2.0.2
    engines: {node: '>= 8'}
    hasBin: true
    dependencies:
      isexe: registry.npmmirror.com/isexe/2.0.0
    dev: true
